
Microsoft Visual Studio Solution File, Format Version 12.00
# Visual Studio Version 16
VisualStudioVersion = 16.0.29230.47
MinimumVisualStudioVersion = 10.0.40219.1
Project("{8BC9CEB8-8B4A-11D0-8D11-00A0C91BC942}") = "arpspoof_npcap", "arpspoof_npcap\arpspoof_npcap.vcxproj", "{9B3EC0E8-9225-4CCB-8806-AA3A3ADA304D}"
EndProject
Global
	GlobalSection(SolutionConfigurationPlatforms) = preSolution
		Debug|x64 = Debug|x64
		Debug|x86 = Debug|x86
		Release|x64 = Release|x64
		Release|x86 = Release|x86
	EndGlobalSection
	GlobalSection(ProjectConfigurationPlatforms) = postSolution
		{9B3EC0E8-9225-4CCB-8806-AA3A3ADA304D}.Debug|x64.ActiveCfg = Debug|x64
		{9B3EC0E8-9225-4CCB-8806-AA3A3ADA304D}.Debug|x64.Build.0 = Debug|x64
		{9B3EC0E8-9225-4CCB-8806-AA3A3ADA304D}.Debug|x86.ActiveCfg = Debug|Win32
		{9B3EC0E8-9225-4CCB-8806-AA3A3ADA304D}.Debug|x86.Build.0 = Debug|Win32
		{9B3EC0E8-9225-4CCB-8806-AA3A3ADA304D}.Release|x64.ActiveCfg = Release|x64
		{9B3EC0E8-9225-4CCB-8806-AA3A3ADA304D}.Release|x64.Build.0 = Release|x64
		{9B3EC0E8-9225-4CCB-8806-AA3A3ADA304D}.Release|x86.ActiveCfg = Release|Win32
		{9B3EC0E8-9225-4CCB-8806-AA3A3ADA304D}.Release|x86.Build.0 = Release|Win32
	EndGlobalSection
	GlobalSection(SolutionProperties) = preSolution
		HideSolutionNode = FALSE
	EndGlobalSection
	GlobalSection(ExtensibilityGlobals) = postSolution
		SolutionGuid = {29B0F89F-91F9-41A0-AF4D-54670D565478}
	EndGlobalSection
EndGlobal
